
Microsoft Visual Studio Solution File, Format Version 12.00
# Visual Studio Version 16
VisualStudioVersion = 16.0.29409.12
MinimumVisualStudioVersion = 10.0.40219.1
Project("{9A19103F-16F7-4668-BE54-9A1E7A4F7556}") = "Euro.API", "Euro.API\Euro.API.csproj", "{F73586FE-E8E6-4D81-BF9F-775669EF65D0}"
EndProject
Project("{9A19103F-16F7-4668-BE54-9A1E7A4F7556}") = "Euro.ContextDb", "Euro.ContextDb\Euro.ContextDb.csproj", "{7F336F0D-538E-4DE9-BBC0-005252309EE4}"
EndProject
Project("{9A19103F-16F7-4668-BE54-9A1E7A4F7556}") = "Euro.Domain", "Euro.Domain\Euro.Domain.csproj", "{6EB3E39C-2928-45B9-9CC2-01CEEED23A37}"
EndProject
Project("{9A19103F-16F7-4668-BE54-9A1E7A4F7556}") = "Euro.Data", "Euro.Data\Euro.Data.csproj", "{D59CB254-B167-4651-8A1E-C183CA36D97D}"
EndProject
Project("{2150E333-8FDC-42A3-9474-1A3956D46DE8}") = "Misc", "Misc", "{C18C35E2-78A3-4BCB-9BCD-33AB7D08C5D2}"
	ProjectSection(SolutionItems) = preProject
		Readme.txt = Readme.txt
	EndProjectSection
EndProject
Global
	GlobalSection(SolutionConfigurationPlatforms) = preSolution
		Debug|Any CPU = Debug|Any CPU
		Release|Any CPU = Release|Any CPU
	EndGlobalSection
	GlobalSection(ProjectConfigurationPlatforms) = postSolution
		{F73586FE-E8E6-4D81-BF9F-775669EF65D0}.Debug|Any CPU.ActiveCfg = Debug|Any CPU
		{F73586FE-E8E6-4D81-BF9F-775669EF65D0}.Debug|Any CPU.Build.0 = Debug|Any CPU
		{F73586FE-E8E6-4D81-BF9F-775669EF65D0}.Release|Any CPU.ActiveCfg = Release|Any CPU
		{F73586FE-E8E6-4D81-BF9F-775669EF65D0}.Release|Any CPU.Build.0 = Release|Any CPU
		{7F336F0D-538E-4DE9-BBC0-005252309EE4}.Debug|Any CPU.ActiveCfg = Debug|Any CPU
		{7F336F0D-538E-4DE9-BBC0-005252309EE4}.Debug|Any CPU.Build.0 = Debug|Any CPU
		{7F336F0D-538E-4DE9-BBC0-005252309EE4}.Release|Any CPU.ActiveCfg = Release|Any CPU
		{7F336F0D-538E-4DE9-BBC0-005252309EE4}.Release|Any CPU.Build.0 = Release|Any CPU
		{6EB3E39C-2928-45B9-9CC2-01CEEED23A37}.Debug|Any CPU.ActiveCfg = Debug|Any CPU
		{6EB3E39C-2928-45B9-9CC2-01CEEED23A37}.Debug|Any CPU.Build.0 = Debug|Any CPU
		{6EB3E39C-2928-45B9-9CC2-01CEEED23A37}.Release|Any CPU.ActiveCfg = Release|Any CPU
		{6EB3E39C-2928-45B9-9CC2-01CEEED23A37}.Release|Any CPU.Build.0 = Release|Any CPU
		{D59CB254-B167-4651-8A1E-C183CA36D97D}.Debug|Any CPU.ActiveCfg = Debug|Any CPU
		{D59CB254-B167-4651-8A1E-C183CA36D97D}.Debug|Any CPU.Build.0 = Debug|Any CPU
		{D59CB254-B167-4651-8A1E-C183CA36D97D}.Release|Any CPU.ActiveCfg = Release|Any CPU
		{D59CB254-B167-4651-8A1E-C183CA36D97D}.Release|Any CPU.Build.0 = Release|Any CPU
	EndGlobalSection
	GlobalSection(SolutionProperties) = preSolution
		HideSolutionNode = FALSE
	EndGlobalSection
	GlobalSection(ExtensibilityGlobals) = postSolution
		SolutionGuid = {BCFD1AED-88A8-4478-8B49-42EC40169E7D}
	EndGlobalSection
EndGlobal
